Microsoft Visual Studio Solution File, Format Version 12.00
# Visual Studio Version 17
VisualStudioVersion = 17.5.2.0
MinimumVisualStudioVersion = 10.0.40219.1
Project("{FAE04EC0-301F-11D3-BF4B-00C04F79EFBC}") = "dotnet_create_at", "dotnet_create_at.csproj", "{33E2525B-15ED-DDE0-8951-5EC010AE9CCE}"
EndProject
Global
	GlobalSection(SolutionConfigurationPlatforms) = preSolution
		Debug|Any CPU = Debug|Any CPU
		Release|Any CPU = Release|Any CPU
	EndGlobalSection
	GlobalSection(ProjectConfigurationPlatforms) = postSolution
		{33E2525B-15ED-DDE0-8951-5EC010AE9CCE}.Debug|Any CPU.ActiveCfg = Debug|Any CPU
		{33E2525B-15ED-DDE0-8951-5EC010AE9CCE}.Debug|Any CPU.Build.0 = Debug|Any CPU
		{33E2525B-15ED-DDE0-8951-5EC010AE9CCE}.Release|Any CPU.ActiveCfg = Release|Any CPU
		{33E2525B-15ED-DDE0-8951-5EC010AE9CCE}.Release|Any CPU.Build.0 = Release|Any CPU
	EndGlobalSection
	GlobalSection(SolutionProperties) = preSolution
		HideSolutionNode = FALSE
	EndGlobalSection
	GlobalSection(ExtensibilityGlobals) = postSolution
		SolutionGuid = {5F230568-C225-41DD-95CE-F197193A25C0}
	EndGlobalSection
EndGlobal
